// !$*UTF8*$!
{
	archiveVersion = 1;
	classes = {
	};
	objectVersion = 50;
	objects = {

/* Begin PBXBuildFile section */
		23C85BBA22D5264C00C99D03 /* AppDelegate.swift in Sources */ = {isa = PBXBuildFile; fileRef = 23C85BB922D5264C00C99D03 /* AppDelegate.swift */; };
		23C85BC122D5264C00C99D03 /* Assets.xcassets in Resources */ = {isa = PBXBuildFile; fileRef = 23C85BC022D5264C00C99D03 /* Assets.xcassets */; };
		23C85BC422D5264C00C99D03 /* LaunchScreen.storyboard in Resources */ = {isa = PBXBuildFile; fileRef = 23C85BC222D5264C00C99D03 /* LaunchScreen.storyboard */; };
		23C85BD122D676FA00C99D03 /* CustomLayout.swift in Sources */ = {isa = PBXBuildFile; fileRef = 23C85BCF22D676FA00C99D03 /* CustomLayout.swift */; };
		23C85BD322D6778C00C99D03 /* CollectionViewController.swift in Sources */ = {isa = PBXBuildFile; fileRef = 23C85BD222D6778C00C99D03 /* CollectionViewController.swift */; };
		23C85BD522D677D600C99D03 /* CollectionViewCell.swift in Sources */ = {isa = PBXBuildFile; fileRef = 23C85BD422D677D600C99D03 /* CollectionViewCell.swift */; };
		E60DFFEC22D6302100447260 /* ImagePicker.swift in Sources */ = {isa = PBXBuildFile; fileRef = E60DFFEB22D6302100447260 /* ImagePicker.swift */; };
		E60DFFEE22D6327500447260 /* Person.swift in Sources */ = {isa = PBXBuildFile; fileRef = E60DFFED22D6327500447260 /* Person.swift */; };
		E6604F6122D6521F0074AADA /* Main.storyboard in Resources */ = {isa = PBXBuildFile; fileRef = E6604F6022D6521F0074AADA /* Main.storyboard */; };
		E6604F8B22D7AB140074AADA /* FormAddPerson.swift in Sources */ = {isa = PBXBuildFile; fileRef = E6604F8A22D7AB140074AADA /* FormAddPerson.swift */; };
/* End PBXBuildFile section */

/* Begin PBXFileReference section */
		23C85BB622D5264C00C99D03 /* Baoba.app */ = {isa = PBXFileReference; explicitFileType = wrapper.application; includeInIndex = 0; path = Baoba.app; sourceTree = BUILT_PRODUCTS_DIR; };
		23C85BB922D5264C00C99D03 /* AppDelegate.swift */ = {isa = PBXFileReference; lastKnownFileType = sourcecode.swift; path = AppDelegate.swift; sourceTree = "<group>"; };
		23C85BC022D5264C00C99D03 /* Assets.xcassets */ = {isa = PBXFileReference; lastKnownFileType = folder.assetcatalog; path = Assets.xcassets; sourceTree = "<group>"; };
		23C85BC322D5264C00C99D03 /* Base */ = {isa = PBXFileReference; lastKnownFileType = file.storyboard; name = Base; path = Base.lproj/LaunchScreen.storyboard; sourceTree = "<group>"; };
		23C85BC522D5264C00C99D03 /* Info.plist */ = {isa = PBXFileReference; lastKnownFileType = text.plist.xml; path = Info.plist; sourceTree = "<group>"; };
		23C85BCF22D676FA00C99D03 /* CustomLayout.swift */ = {isa = PBXFileReference; fileEncoding = 4; lastKnownFileType = sourcecode.swift; path = CustomLayout.swift; sourceTree = "<group>"; };
		23C85BD222D6778C00C99D03 /* CollectionViewController.swift */ = {isa = PBXFileReference; lastKnownFileType = sourcecode.swift; path = CollectionViewController.swift; sourceTree = "<group>"; };
		23C85BD422D677D600C99D03 /* CollectionViewCell.swift */ = {isa = PBXFileReference; fileEncoding = 4; lastKnownFileType = sourcecode.swift; path = CollectionViewCell.swift; sourceTree = "<group>"; };
		E60DFFEB22D6302100447260 /* ImagePicker.swift */ = {isa = PBXFileReference; fileEncoding = 4; lastKnownFileType = sourcecode.swift; path = ImagePicker.swift; sourceTree = "<group>"; };
		E60DFFED22D6327500447260 /* Person.swift */ = {isa = PBXFileReference; lastKnownFileType = sourcecode.swift; path = Person.swift; sourceTree = "<group>"; };
		E6604F6022D6521F0074AADA /* Main.storyboard */ = {isa = PBXFileReference; lastKnownFileType = file.storyboard; path = Main.storyboard; sourceTree = "<group>"; };
		E6604F8A22D7AB140074AADA /* FormAddPerson.swift */ = {isa = PBXFileReference; lastKnownFileType = sourcecode.swift; path = FormAddPerson.swift; sourceTree = "<group>"; };
/* End PBXFileReference section */

/* Begin PBXFrameworksBuildPhase section */
		23C85BB322D5264C00C99D03 /* Frameworks */ = {
			isa = PBXFrameworksBuildPhase;
			buildActionMask = 2147483647;
			files = (
			);
			runOnlyForDeploymentPostprocessing = 0;
		};
/* End PBXFrameworksBuildPhase section */

/* Begin PBXGroup section */
		23C85BAD22D5264B00C99D03 = {
			isa = PBXGroup;
			children = (
				23C85BB822D5264C00C99D03 /* Baoba */,
				23C85BB722D5264C00C99D03 /* Products */,
			);
			sourceTree = "<group>";
		};
		23C85BB722D5264C00C99D03 /* Products */ = {
			isa = PBXGroup;
			children = (
				23C85BB622D5264C00C99D03 /* Baoba.app */,
			);
			name = Products;
			sourceTree = "<group>";
		};
		23C85BB822D5264C00C99D03 /* Baoba */ = {
			isa = PBXGroup;
			children = (
				23C85BCD22D676BF00C99D03 /* CollectionView */,
				E60DFFE422D62E3400447260 /* Models */,
				E60DFFE622D62E3400447260 /* ViewControllers */,
				E60DFFE522D62E3400447260 /* Views */,
				23C85BB922D5264C00C99D03 /* AppDelegate.swift */,
				23C85BC222D5264C00C99D03 /* LaunchScreen.storyboard */,
				23C85BC022D5264C00C99D03 /* Assets.xcassets */,
				23C85BC522D5264C00C99D03 /* Info.plist */,
			);
			path = Baoba;
			sourceTree = "<group>";
		};
		23C85BCD22D676BF00C99D03 /* CollectionView */ = {
			isa = PBXGroup;
			children = (
				23C85BD422D677D600C99D03 /* CollectionViewCell.swift */,
				23C85BCF22D676FA00C99D03 /* CustomLayout.swift */,
			);
			path = CollectionView;
			sourceTree = "<group>";
		};
		E60DFFE422D62E3400447260 /* Models */ = {
			isa = PBXGroup;
			children = (
				E60DFFEB22D6302100447260 /* ImagePicker.swift */,
				E60DFFED22D6327500447260 /* Person.swift */,
			);
			path = Models;
			sourceTree = "<group>";
		};
		E60DFFE522D62E3400447260 /* Views */ = {
			isa = PBXGroup;
			children = (
				E6604F6022D6521F0074AADA /* Main.storyboard */,
			);
			path = Views;
			sourceTree = "<group>";
		};
		E60DFFE622D62E3400447260 /* ViewControllers */ = {
			isa = PBXGroup;
			children = (
				23C85BD222D6778C00C99D03 /* CollectionViewController.swift */,
				E6604F8A22D7AB140074AADA /* FormAddPerson.swift */,
			);
			path = ViewControllers;
			sourceTree = "<group>";
		};
/* End PBXGroup section */

/* Begin PBXNativeTarget section */
		23C85BB522D5264C00C99D03 /* Baoba */ = {
			isa = PBXNativeTarget;
			buildConfigurationList = 23C85BC822D5264C00C99D03 /* Build configuration list for PBXNativeTarget "Baoba" */;
			buildPhases = (
				23C85BB222D5264C00C99D03 /* Sources */,
				23C85BB322D5264C00C99D03 /* Frameworks */,
				23C85BB422D5264C00C99D03 /* Resources */,
			);
			buildRules = (
			);
			dependencies = (
			);
			name = Baoba;
			productName = Baoba;
			productReference = 23C85BB622D5264C00C99D03 /* Baoba.app */;
			productType = "com.apple.product-type.application";
		};
/* End PBXNativeTarget section */

/* Begin PBXProject section */
		23C85BAE22D5264B00C99D03 /* Project object */ = {
			isa = PBXProject;
			attributes = {
				LastSwiftUpdateCheck = 1020;
				LastUpgradeCheck = 1020;
				ORGANIZATIONNAME = "Paulo Ricardo";
				TargetAttributes = {
					23C85BB522D5264C00C99D03 = {
						CreatedOnToolsVersion = 10.2.1;
					};
				};
			};
			buildConfigurationList = 23C85BB122D5264B00C99D03 /* Build configuration list for PBXProject "Baoba" */;
			compatibilityVersion = "Xcode 9.3";
			developmentRegion = en;
			hasScannedForEncodings = 0;
			knownRegions = (
				en,
				Base,
			);
			mainGroup = 23C85BAD22D5264B00C99D03;
			productRefGroup = 23C85BB722D5264C00C99D03 /* Products */;
			projectDirPath = "";
			projectRoot = "";
			targets = (
				23C85BB522D5264C00C99D03 /* Baoba */,
			);
		};
/* End PBXProject section */

/* Begin PBXResourcesBuildPhase section */
		23C85BB422D5264C00C99D03 /* Resources */ = {
			isa = PBXResourcesBuildPhase;
			buildActionMask = 2147483647;
			files = (
				E6604F6122D6521F0074AADA /* Main.storyboard in Resources */,
				23C85BC422D5264C00C99D03 /* LaunchScreen.storyboard in Resources */,
				23C85BC122D5264C00C99D03 /* Assets.xcassets in Resources */,
			);
			runOnlyForDeploymentPostprocessing = 0;
		};
/* End PBXResourcesBuildPhase section */

/* Begin PBXSourcesBuildPhase section */
		23C85BB222D5264C00C99D03 /* Sources */ = {
			isa = PBXSourcesBuildPhase;
			buildActionMask = 2147483647;
			files = (
				E60DFFEE22D6327500447260 /* Person.swift in Sources */,
				23C85BD122D676FA00C99D03 /* CustomLayout.swift in Sources */,
				E6604F8B22D7AB140074AADA /* FormAddPerson.swift in Sources */,
				23C85BD522D677D600C99D03 /* CollectionViewCell.swift in Sources */,
				23C85BBA22D5264C00C99D03 /* AppDelegate.swift in Sources */,
				23C85BD322D6778C00C99D03 /* CollectionViewController.swift in Sources */,
				E60DFFEC22D6302100447260 /* ImagePicker.swift in Sources */,
			);
			runOnlyForDeploymentPostprocessing = 0;
		};
/* End PBXSourcesBuildPhase section */

/* Begin PBXVariantGroup section */
		23C85BC222D5264C00C99D03 /* LaunchScreen.storyboard */ = {
			isa = PBXVariantGroup;
			children = (
				23C85BC322D5264C00C99D03 /* Base */,
			);
			name = LaunchScreen.storyboard;
			sourceTree = "<group>";
		};
/* End PBXVariantGroup section */

/* Begin XCBuildConfiguration section */
		23C85BC622D5264C00C99D03 /* Debug */ = {
			isa = XCBuildConfiguration;
			buildSettings = {
				ALWAYS_SEARCH_USER_PATHS = NO;
				CLANG_ANALYZER_NONNULL = YES;
				CLANG_ANALYZER_NUMBER_OBJECT_CONVERSION = YES_AGGRESSIVE;
				CLANG_CXX_LANGUAGE_STANDARD = "gnu++14";
				CLANG_CXX_LIBRARY = "libc++";
				CLANG_ENABLE_MODULES = YES;
				CLANG_ENABLE_OBJC_ARC = YES;
				CLANG_ENABLE_OBJC_WEAK = YES;
				CLANG_WARN_BLOCK_CAPTURE_AUTORELEASING = YES;
				CLANG_WARN_BOOL_CONVERSION = YES;
				CLANG_WARN_COMMA = YES;
				CLANG_WARN_CONSTANT_CONVERSION = YES;
				CLANG_WARN_DEPRECATED_OBJC_IMPLEMENTATIONS = YES;
				CLANG_WARN_DIRECT_OBJC_ISA_USAGE = YES_ERROR;
				CLANG_WARN_DOCUMENTATION_COMMENTS = YES;
				CLANG_WARN_EMPTY_BODY = YES;
				CLANG_WARN_ENUM_CONVERSION = YES;
				CLANG_WARN_INFINITE_RECURSION = YES;
				CLANG_WARN_INT_CONVERSION = YES;
				CLANG_WARN_NON_LITERAL_NULL_CONVERSION = YES;
				CLANG_WARN_OBJC_IMPLICIT_RETAIN_SELF = YES;
				CLANG_WARN_OBJC_LITERAL_CONVERSION = YES;
				CLANG_WARN_OBJC_ROOT_CLASS = YES_ERROR;
				CLANG_WARN_RANGE_LOOP_ANALYSIS = YES;
				CLANG_WARN_STRICT_PROTOTYPES = YES;
				CLANG_WARN_SUSPICIOUS_MOVE = YES;
				CLANG_WARN_UNGUARDED_AVAILABILITY = YES_AGGRESSIVE;
				CLANG_WARN_UNREACHABLE_CODE = YES;
				CLANG_WARN__DUPLICATE_METHOD_MATCH = YES;
				CODE_SIGN_IDENTITY = "iPhone Developer";
				COPY_PHASE_STRIP = NO;
				DEBUG_INFORMATION_FORMAT = dwarf;
				ENABLE_STRICT_OBJC_MSGSEND = YES;
				ENABLE_TESTABILITY = YES;
				GCC_C_LANGUAGE_STANDARD = gnu11;
				GCC_DYNAMIC_NO_PIC = NO;
				GCC_NO_COMMON_BLOCKS = YES;
				GCC_OPTIMIZATION_LEVEL = 0;
				GCC_PREPROCESSOR_DEFINITIONS = (
					"DEBUG=1",
					"$(inherited)",
				);
				GCC_WARN_64_TO_32_BIT_CONVERSION = YES;
				GCC_WARN_ABOUT_RETURN_TYPE = YES_ERROR;
				GCC_WARN_UNDECLARED_SELECTOR = YES;
				GCC_WARN_UNINITIALIZED_AUTOS = YES_AGGRESSIVE;
				GCC_WARN_UNUSED_FUNCTION = YES;
				GCC_WARN_UNUSED_VARIABLE = YES;
				IPHONEOS_DEPLOYMENT_TARGET = 12.2;
				MTL_ENABLE_DEBUG_INFO = INCLUDE_SOURCE;
				MTL_FAST_MATH = YES;
				ONLY_ACTIVE_ARCH = YES;
				SDKROOT = iphoneos;
				SWIFT_ACTIVE_COMPILATION_CONDITIONS = DEBUG;
				SWIFT_OPTIMIZATION_LEVEL = "-Onone";
			};
			name = Debug;
		};
		23C85BC722D5264C00C99D03 /* Release */ = {
			isa = XCBuildConfiguration;
			buildSettings = {
				ALWAYS_SEARCH_USER_PATHS = NO;
				CLANG_ANALYZER_NONNULL = YES;
				CLANG_ANALYZER_NUMBER_OBJECT_CONVERSION = YES_AGGRESSIVE;
				CLANG_CXX_LANGUAGE_STANDARD = "gnu++14";
				CLANG_CXX_LIBRARY = "libc++";
				CLANG_ENABLE_MODULES = YES;
				CLANG_ENABLE_OBJC_ARC = YES;
				CLANG_ENABLE_OBJC_WEAK = YES;
				CLANG_WARN_BLOCK_CAPTURE_AUTORELEASING = YES;
				CLANG_WARN_BOOL_CONVERSION = YES;
				CLANG_WARN_COMMA = YES;
				CLANG_WARN_CONSTANT_CONVERSION = YES;
				CLANG_WARN_DEPRECATED_OBJC_IMPLEMENTATIONS = YES;
				CLANG_WARN_DIRECT_OBJC_ISA_USAGE = YES_ERROR;
				CLANG_WARN_DOCUMENTATION_COMMENTS = YES;
				CLANG_WARN_EMPTY_BODY = YES;
				CLANG_WARN_ENUM_CONVERSION = YES;
				CLANG_WARN_INFINITE_RECURSION = YES;
				CLANG_WARN_INT_CONVERSION = YES;
				CLANG_WARN_NON_LITERAL_NULL_CONVERSION = YES;
				CLANG_WARN_OBJC_IMPLICIT_RETAIN_SELF = YES;
				CLANG_WARN_OBJC_LITERAL_CONVERSION = YES;
				CLANG_WARN_OBJC_ROOT_CLASS = YES_ERROR;
				CLANG_WARN_RANGE_LOOP_ANALYSIS = YES;
				CLANG_WARN_STRICT_PROTOTYPES = YES;
				CLANG_WARN_SUSPICIOUS_MOVE = YES;
				CLANG_WARN_UNGUARDED_AVAILABILITY = YES_AGGRESSIVE;
				CLANG_WARN_UNREACHABLE_CODE = YES;
				CLANG_WARN__DUPLICATE_METHOD_MATCH = YES;
				CODE_SIGN_IDENTITY = "iPhone Developer";
				COPY_PHASE_STRIP = NO;
				DEBUG_INFORMATION_FORMAT = "dwarf-with-dsym";
				ENABLE_NS_ASSERTIONS = NO;
				ENABLE_STRICT_OBJC_MSGSEND = YES;
				GCC_C_LANGUAGE_STANDARD = gnu11;
				GCC_NO_COMMON_BLOCKS = YES;
				GCC_WARN_64_TO_32_BIT_CONVERSION = YES;
				GCC_WARN_ABOUT_RETURN_TYPE = YES_ERROR;
				GCC_WARN_UNDECLARED_SELECTOR = YES;
				GCC_WARN_UNINITIALIZED_AUTOS = YES_AGGRESSIVE;
				GCC_WARN_UNUSED_FUNCTION = YES;
				GCC_WARN_UNUSED_VARIABLE = YES;
				IPHONEOS_DEPLOYMENT_TARGET = 12.2;
				MTL_ENABLE_DEBUG_INFO = NO;
				MTL_FAST_MATH = YES;
				SDKROOT = iphoneos;
				SWIFT_COMPILATION_MODE = wholemodule;
				SWIFT_OPTIMIZATION_LEVEL = "-O";
				VALIDATE_PRODUCT = YES;
			};
			name = Release;
		};
		23C85BC922D5264C00C99D03 /* Debug */ = {
			isa = XCBuildConfiguration;
			buildSettings = {
				ASSETCATALOG_COMPILER_APPICON_NAME = AppIcon;
				CODE_SIGN_STYLE = Automatic;
				DEVELOPMENT_TEAM = CG83DPH532;
				INFOPLIST_FILE = Baoba/Info.plist;
				LD_RUNPATH_SEARCH_PATHS = (
					"$(inherited)",
					"@executable_path/Frameworks",
				);
				PRODUCT_BUNDLE_IDENTIFIER = com.pauloricardo.Baoba;
				PRODUCT_NAME = "$(TARGET_NAME)";
				SWIFT_VERSION = 5.0;
				TARGETED_DEVICE_FAMILY = "1,2";
			};
			name = Debug;
		};
		23C85BCA22D5264C00C99D03 /* Release */ = {
			isa = XCBuildConfiguration;
			buildSettings = {
				ASSETCATALOG_COMPILER_APPICON_NAME = AppIcon;
				CODE_SIGN_STYLE = Automatic;
				DEVELOPMENT_TEAM = CG83DPH532;
				INFOPLIST_FILE = Baoba/Info.plist;
				LD_RUNPATH_SEARCH_PATHS = (
					"$(inherited)",
					"@executable_path/Frameworks",
				);
				PRODUCT_BUNDLE_IDENTIFIER = com.pauloricardo.Baoba;
				PRODUCT_NAME = "$(TARGET_NAME)";
				SWIFT_VERSION = 5.0;
				TARGETED_DEVICE_FAMILY = "1,2";
			};
			name = Release;
		};
/* End XCBuildConfiguration section */

/* Begin XCConfigurationList section */
		23C85BB122D5264B00C99D03 /* Build configuration list for PBXProject "Baoba" */ = {
			isa = XCConfigurationList;
			buildConfigurations = (
				23C85BC622D5264C00C99D03 /* Debug */,
				23C85BC722D5264C00C99D03 /* Release */,
			);
			defaultConfigurationIsVisible = 0;
			defaultConfigurationName = Release;
		};
		23C85BC822D5264C00C99D03 /* Build configuration list for PBXNativeTarget "Baoba" */ = {
			isa = XCConfigurationList;
			buildConfigurations = (
				23C85BC922D5264C00C99D03 /* Debug */,
				23C85BCA22D5264C00C99D03 /* Release */,
			);
			defaultConfigurationIsVisible = 0;
			defaultConfigurationName = Release;
		};
/* End XCConfigurationList section */
	};
	rootObject = 23C85BAE22D5264B00C99D03 /* Project object */;
}
